// !$*UTF8*$!
{
	archiveVersion = 1;
	classes = {
	};
	objectVersion = 50;
	objects = {

/* Begin PBXBuildFile section */
		958167FA23E518DB000BC74B /* AppDelegate.swift in Sources */ = {isa = PBXBuildFile; fileRef = 958167F923E518DB000BC74B /* AppDelegate.swift */; };
		958167FC23E518DB000BC74B /* SceneDelegate.swift in Sources */ = {isa = PBXBuildFile; fileRef = 958167FB23E518DB000BC74B /* SceneDelegate.swift */; };
		958167FE23E518DB000BC74B /* ViewController.swift in Sources */ = {isa = PBXBuildFile; fileRef = 958167FD23E518DB000BC74B /* ViewController.swift */; };
		9581680123E518DB000BC74B /* Main.storyboard in Resources */ = {isa = PBXBuildFile; fileRef = 958167FF23E518DB000BC74B /* Main.storyboard */; };
		9581680323E518DD000BC74B /* Assets.xcassets in Resources */ = {isa = PBXBuildFile; fileRef = 9581680223E518DD000BC74B /* Assets.xcassets */; };
		9581680623E518DD000BC74B /* LaunchScreen.storyboard in Resources */ = {isa = PBXBuildFile; fileRef = 9581680423E518DD000BC74B /* LaunchScreen.storyboard */; };
		9581681123E518DE000BC74B /* FlixTests.swift in Sources */ = {isa = PBXBuildFile; fileRef = 9581681023E518DE000BC74B /* FlixTests.swift */; };
		9581681C23E518DE000BC74B /* FlixUITests.swift in Sources */ = {isa = PBXBuildFile; fileRef = 9581681B23E518DE000BC74B /* FlixUITests.swift */; };
/* End PBXBuildFile section */

/* Begin PBXContainerItemProxy section */
		9581680D23E518DE000BC74B /* PBXContainerItemProxy */ = {
			isa = PBXContainerItemProxy;
			containerPortal = 958167EE23E518DB000BC74B /* Project object */;
			proxyType = 1;
			remoteGlobalIDString = 958167F523E518DB000BC74B;
			remoteInfo = Flix;
		};
		9581681823E518DE000BC74B /* PBXContainerItemProxy */ = {
			isa = PBXContainerItemProxy;
			containerPortal = 958167EE23E518DB000BC74B /* Project object */;
			proxyType = 1;
			remoteGlobalIDString = 958167F523E518DB000BC74B;
			remoteInfo = Flix;
		};
/* End PBXContainerItemProxy section */

/* Begin PBXFileReference section */
		958167F623E518DB000BC74B /* Flix.app */ = {isa = PBXFileReference; explicitFileType = wrapper.application; includeInIndex = 0; path = Flix.app; sourceTree = BUILT_PRODUCTS_DIR; };
		958167F923E518DB000BC74B /* AppDelegate.swift */ = {isa = PBXFileReference; lastKnownFileType = sourcecode.swift; path = AppDelegate.swift; sourceTree = "<group>"; };
		958167FB23E518DB000BC74B /* SceneDelegate.swift */ = {isa = PBXFileReference; lastKnownFileType = sourcecode.swift; path = SceneDelegate.swift; sourceTree = "<group>"; };
		958167FD23E518DB000BC74B /* ViewController.swift */ = {isa = PBXFileReference; lastKnownFileType = sourcecode.swift; path = ViewController.swift; sourceTree = "<group>"; };
		9581680023E518DB000BC74B /* Base */ = {isa = PBXFileReference; lastKnownFileType = file.storyboard; name = Base; path = Base.lproj/Main.storyboard; sourceTree = "<group>"; };
		9581680223E518DD000BC74B /* Assets.xcassets */ = {isa = PBXFileReference; lastKnownFileType = folder.assetcatalog; path = Assets.xcassets; sourceTree = "<group>"; };
		9581680523E518DD000BC74B /* Base */ = {isa = PBXFileReference; lastKnownFileType = file.storyboard; name = Base; path = Base.lproj/LaunchScreen.storyboard; sourceTree = "<group>"; };
		9581680723E518DD000BC74B /* Info.plist */ = {isa = PBXFileReference; lastKnownFileType = text.plist.xml; path = Info.plist; sourceTree = "<group>"; };
		9581680C23E518DE000BC74B /* FlixTests.xctest */ = {isa = PBXFileReference; explicitFileType = wrapper.cfbundle; includeInIndex = 0; path = FlixTests.xctest; sourceTree = BUILT_PRODUCTS_DIR; };
		9581681023E518DE000BC74B /* FlixTests.swift */ = {isa = PBXFileReference; lastKnownFileType = sourcecode.swift; path = FlixTests.swift; sourceTree = "<group>"; };
		9581681223E518DE000BC74B /* Info.plist */ = {isa = PBXFileReference; lastKnownFileType = text.plist.xml; path = Info.plist; sourceTree = "<group>"; };
		9581681723E518DE000BC74B /* FlixUITests.xctest */ = {isa = PBXFileReference; explicitFileType = wrapper.cfbundle; includeInIndex = 0; path = FlixUITests.xctest; sourceTree = BUILT_PRODUCTS_DIR; };
		9581681B23E518DE000BC74B /* FlixUITests.swift */ = {isa = PBXFileReference; lastKnownFileType = sourcecode.swift; path = FlixUITests.swift; sourceTree = "<group>"; };
		9581681D23E518DE000BC74B /* Info.plist */ = {isa = PBXFileReference; lastKnownFileType = text.plist.xml; path = Info.plist; sourceTree = "<group>"; };
/* End PBXFileReference section */

/* Begin PBXFrameworksBuildPhase section */
		958167F323E518DB000BC74B /* Frameworks */ = {
			isa = PBXFrameworksBuildPhase;
			buildActionMask = 2147483647;
			files = (
			);
			runOnlyForDeploymentPostprocessing = 0;
		};
		9581680923E518DE000BC74B /* Frameworks */ = {
			isa = PBXFrameworksBuildPhase;
			buildActionMask = 2147483647;
			files = (
			);
			runOnlyForDeploymentPostprocessing = 0;
		};
		9581681423E518DE000BC74B /* Frameworks */ = {
			isa = PBXFrameworksBuildPhase;
			buildActionMask = 2147483647;
			files = (
			);
			runOnlyForDeploymentPostprocessing = 0;
		};
/* End PBXFrameworksBuildPhase section */

/* Begin PBXGroup section */
		958167ED23E518DB000BC74B = {
			isa = PBXGroup;
			children = (
				958167F823E518DB000BC74B /* Flix */,
				9581680F23E518DE000BC74B /* FlixTests */,
				9581681A23E518DE000BC74B /* FlixUITests */,
				958167F723E518DB000BC74B /* Products */,
			);
			sourceTree = "<group>";
		};
		958167F723E518DB000BC74B /* Products */ = {
			isa = PBXGroup;
			children = (
				958167F623E518DB000BC74B /* Flix.app */,
				9581680C23E518DE000BC74B /* FlixTests.xctest */,
				9581681723E518DE000BC74B /* FlixUITests.xctest */,
			);
			name = Products;
			sourceTree = "<group>";
		};
		958167F823E518DB000BC74B /* Flix */ = {
			isa = PBXGroup;
			children = (
				958167F923E518DB000BC74B /* AppDelegate.swift */,
				958167FB23E518DB000BC74B /* SceneDelegate.swift */,
				958167FD23E518DB000BC74B /* ViewController.swift */,
				958167FF23E518DB000BC74B /* Main.storyboard */,
				9581680223E518DD000BC74B /* Assets.xcassets */,
				9581680423E518DD000BC74B /* LaunchScreen.storyboard */,
				9581680723E518DD000BC74B /* Info.plist */,
			);
			path = Flix;
			sourceTree = "<group>";
		};
		9581680F23E518DE000BC74B /* FlixTests */ = {
			isa = PBXGroup;
			children = (
				9581681023E518DE000BC74B /* FlixTests.swift */,
				9581681223E518DE000BC74B /* Info.plist */,
			);
			path = FlixTests;
			sourceTree = "<group>";
		};
		9581681A23E518DE000BC74B /* FlixUITests */ = {
			isa = PBXGroup;
			children = (
				9581681B23E518DE000BC74B /* FlixUITests.swift */,
				9581681D23E518DE000BC74B /* Info.plist */,
			);
			path = FlixUITests;
			sourceTree = "<group>";
		};
/* End PBXGroup section */

/* Begin PBXNativeTarget section */
		958167F523E518DB000BC74B /* Flix */ = {
			isa = PBXNativeTarget;
			buildConfigurationList = 9581682023E518DE000BC74B /* Build configuration list for PBXNativeTarget "Flix" */;
			buildPhases = (
				958167F223E518DB000BC74B /* Sources */,
				958167F323E518DB000BC74B /* Frameworks */,
				958167F423E518DB000BC74B /* Resources */,
			);
			buildRules = (
			);
			dependencies = (
			);
			name = Flix;
			productName = Flix;
			productReference = 958167F623E518DB000BC74B /* Flix.app */;
			productType = "com.apple.product-type.application";
		};
		9581680B23E518DE000BC74B /* FlixTests */ = {
			isa = PBXNativeTarget;
			buildConfigurationList = 9581682323E518DE000BC74B /* Build configuration list for PBXNativeTarget "FlixTests" */;
			buildPhases = (
				9581680823E518DE000BC74B /* Sources */,
				9581680923E518DE000BC74B /* Frameworks */,
				9581680A23E518DE000BC74B /* Resources */,
			);
			buildRules = (
			);
			dependencies = (
				9581680E23E518DE000BC74B /* PBXTargetDependency */,
			);
			name = FlixTests;
			productName = FlixTests;
			productReference = 9581680C23E518DE000BC74B /* FlixTests.xctest */;
			productType = "com.apple.product-type.bundle.unit-test";
		};
		9581681623E518DE000BC74B /* FlixUITests */ = {
			isa = PBXNativeTarget;
			buildConfigurationList = 9581682623E518DE000BC74B /* Build configuration list for PBXNativeTarget "FlixUITests" */;
			buildPhases = (
				9581681323E518DE000BC74B /* Sources */,
				9581681423E518DE000BC74B /* Frameworks */,
				9581681523E518DE000BC74B /* Resources */,
			);
			buildRules = (
			);
			dependencies = (
				9581681923E518DE000BC74B /* PBXTargetDependency */,
			);
			name = FlixUITests;
			productName = FlixUITests;
			productReference = 9581681723E518DE000BC74B /* FlixUITests.xctest */;
			productType = "com.apple.product-type.bundle.ui-testing";
		};
/* End PBXNativeTarget section */

/* Begin PBXProject section */
		958167EE23E518DB000BC74B /* Project object */ = {
			isa = PBXProject;
			attributes = {
				LastSwiftUpdateCheck = 1130;
				LastUpgradeCheck = 1130;
				ORGANIZATIONNAME = "Stephen Baity";
				TargetAttributes = {
					958167F523E518DB000BC74B = {
						CreatedOnToolsVersion = 11.3.1;
					};
					9581680B23E518DE000BC74B = {
						CreatedOnToolsVersion = 11.3.1;
						TestTargetID = 958167F523E518DB000BC74B;
					};
					9581681623E518DE000BC74B = {
						CreatedOnToolsVersion = 11.3.1;
						TestTargetID = 958167F523E518DB000BC74B;
					};
				};
			};
			buildConfigurationList = 958167F123E518DB000BC74B /* Build configuration list for PBXProject "Flix" */;
			compatibilityVersion = "Xcode 9.3";
			developmentRegion = en;
			hasScannedForEncodings = 0;
			knownRegions = (
				en,
				Base,
			);
			mainGroup = 958167ED23E518DB000BC74B;
			productRefGroup = 958167F723E518DB000BC74B /* Products */;
			projectDirPath = "";
			projectRoot = "";
			targets = (
				958167F523E518DB000BC74B /* Flix */,
				9581680B23E518DE000BC74B /* FlixTests */,
				9581681623E518DE000BC74B /* FlixUITests */,
			);
		};
/* End PBXProject section */

/* Begin PBXResourcesBuildPhase section */
		958167F423E518DB000BC74B /* Resources */ = {
			isa = PBXResourcesBuildPhase;
			buildActionMask = 2147483647;
			files = (
				9581680623E518DD000BC74B /* LaunchScreen.storyboard in Resources */,
				9581680323E518DD000BC74B /* Assets.xcassets in Resources */,
				9581680123E518DB000BC74B /* Main.storyboard in Resources */,
			);
			runOnlyForDeploymentPostprocessing = 0;
		};
		9581680A23E518DE000BC74B /* Resources */ = {
			isa = PBXResourcesBuildPhase;
			buildActionMask = 2147483647;
			files = (
			);
			runOnlyForDeploymentPostprocessing = 0;
		};
		9581681523E518DE000BC74B /* Resources */ = {
			isa = PBXResourcesBuildPhase;
			buildActionMask = 2147483647;
			files = (
			);
			runOnlyForDeploymentPostprocessing = 0;
		};
/* End PBXResourcesBuildPhase section */

/* Begin PBXSourcesBuildPhase section */
		958167F223E518DB000BC74B /* Sources */ = {
			isa = PBXSourcesBuildPhase;
			buildActionMask = 2147483647;
			files = (
				958167FE23E518DB000BC74B /* ViewController.swift in Sources */,
				958167FA23E518DB000BC74B /* AppDelegate.swift in Sources */,
				958167FC23E518DB000BC74B /* SceneDelegate.swift in Sources */,
			);
			runOnlyForDeploymentPostprocessing = 0;
		};
		9581680823E518DE000BC74B /* Sources */ = {
			isa = PBXSourcesBuildPhase;
			buildActionMask = 2147483647;
			files = (
				9581681123E518DE000BC74B /* FlixTests.swift in Sources */,
			);
			runOnlyForDeploymentPostprocessing = 0;
		};
		9581681323E518DE000BC74B /* Sources */ = {
			isa = PBXSourcesBuildPhase;
			buildActionMask = 2147483647;
			files = (
				9581681C23E518DE000BC74B /* FlixUITests.swift in Sources */,
			);
			runOnlyForDeploymentPostprocessing = 0;
		};
/* End PBXSourcesBuildPhase section */

/* Begin PBXTargetDependency section */
		9581680E23E518DE000BC74B /* PBXTargetDependency */ = {
			isa = PBXTargetDependency;
			target = 958167F523E518DB000BC74B /* Flix */;
			targetProxy = 9581680D23E518DE000BC74B /* PBXContainerItemProxy */;
		};
		9581681923E518DE000BC74B /* PBXTargetDependency */ = {
			isa = PBXTargetDependency;
			target = 958167F523E518DB000BC74B /* Flix */;
			targetProxy = 9581681823E518DE000BC74B /* PBXContainerItemProxy */;
		};
/* End PBXTargetDependency section */

/* Begin PBXVariantGroup section */
		958167FF23E518DB000BC74B /* Main.storyboard */ = {
			isa = PBXVariantGroup;
			children = (
				9581680023E518DB000BC74B /* Base */,
			);
			name = Main.storyboard;
			sourceTree = "<group>";
		};
		9581680423E518DD000BC74B /* LaunchScreen.storyboard */ = {
			isa = PBXVariantGroup;
			children = (
				9581680523E518DD000BC74B /* Base */,
			);
			name = LaunchScreen.storyboard;
			sourceTree = "<group>";
		};
/* End PBXVariantGroup section */

/* Begin XCBuildConfiguration section */
		9581681E23E518DE000BC74B /* Debug */ = {
			isa = XCBuildConfiguration;
			buildSettings = {
				ALWAYS_SEARCH_USER_PATHS = NO;
				CLANG_ANALYZER_NONNULL = YES;
				CLANG_ANALYZER_NUMBER_OBJECT_CONVERSION = YES_AGGRESSIVE;
				CLANG_CXX_LANGUAGE_STANDARD = "gnu++14";
				CLANG_CXX_LIBRARY = "libc++";
				CLANG_ENABLE_MODULES = YES;
				CLANG_ENABLE_OBJC_ARC = YES;
				CLANG_ENABLE_OBJC_WEAK = YES;
				CLANG_WARN_BLOCK_CAPTURE_AUTORELEASING = YES;
				CLANG_WARN_BOOL_CONVERSION = YES;
				CLANG_WARN_COMMA = YES;
				CLANG_WARN_CONSTANT_CONVERSION = YES;
				CLANG_WARN_DEPRECATED_OBJC_IMPLEMENTATIONS = YES;
				CLANG_WARN_DIRECT_OBJC_ISA_USAGE = YES_ERROR;
				CLANG_WARN_DOCUMENTATION_COMMENTS = YES;
				CLANG_WARN_EMPTY_BODY = YES;
				CLANG_WARN_ENUM_CONVERSION = YES;
				CLANG_WARN_INFINITE_RECURSION = YES;
				CLANG_WARN_INT_CONVERSION = YES;
				CLANG_WARN_NON_LITERAL_NULL_CONVERSION = YES;
				CLANG_WARN_OBJC_IMPLICIT_RETAIN_SELF = YES;
				CLANG_WARN_OBJC_LITERAL_CONVERSION = YES;
				CLANG_WARN_OBJC_ROOT_CLASS = YES_ERROR;
				CLANG_WARN_RANGE_LOOP_ANALYSIS = YES;
				CLANG_WARN_STRICT_PROTOTYPES = YES;
				CLANG_WARN_SUSPICIOUS_MOVE = YES;
				CLANG_WARN_UNGUARDED_AVAILABILITY = YES_AGGRESSIVE;
				CLANG_WARN_UNREACHABLE_CODE = YES;
				CLANG_WARN__DUPLICATE_METHOD_MATCH = YES;
				COPY_PHASE_STRIP = NO;
				DEBUG_INFORMATION_FORMAT = dwarf;
				ENABLE_STRICT_OBJC_MSGSEND = YES;
				ENABLE_TESTABILITY = YES;
				GCC_C_LANGUAGE_STANDARD = gnu11;
				GCC_DYNAMIC_NO_PIC = NO;
				GCC_NO_COMMON_BLOCKS = YES;
				GCC_OPTIMIZATION_LEVEL = 0;
				GCC_PREPROCESSOR_DEFINITIONS = (
					"DEBUG=1",
					"$(inherited)",
				);
				GCC_WARN_64_TO_32_BIT_CONVERSION = YES;
				GCC_WARN_ABOUT_RETURN_TYPE = YES_ERROR;
				GCC_WARN_UNDECLARED_SELECTOR = YES;
				GCC_WARN_UNINITIALIZED_AUTOS = YES_AGGRESSIVE;
				GCC_WARN_UNUSED_FUNCTION = YES;
				GCC_WARN_UNUSED_VARIABLE = YES;
				IPHONEOS_DEPLOYMENT_TARGET = 13.2;
				MTL_ENABLE_DEBUG_INFO = INCLUDE_SOURCE;
				MTL_FAST_MATH = YES;
				ONLY_ACTIVE_ARCH = YES;
				SDKROOT = iphoneos;
				SWIFT_ACTIVE_COMPILATION_CONDITIONS = DEBUG;
				SWIFT_OPTIMIZATION_LEVEL = "-Onone";
			};
			name = Debug;
		};
		9581681F23E518DE000BC74B /* Release */ = {
			isa = XCBuildConfiguration;
			buildSettings = {
				ALWAYS_SEARCH_USER_PATHS = NO;
				CLANG_ANALYZER_NONNULL = YES;
				CLANG_ANALYZER_NUMBER_OBJECT_CONVERSION = YES_AGGRESSIVE;
				CLANG_CXX_LANGUAGE_STANDARD = "gnu++14";
				CLANG_CXX_LIBRARY = "libc++";
				CLANG_ENABLE_MODULES = YES;
				CLANG_ENABLE_OBJC_ARC = YES;
				CLANG_ENABLE_OBJC_WEAK = YES;
				CLANG_WARN_BLOCK_CAPTURE_AUTORELEASING = YES;
				CLANG_WARN_BOOL_CONVERSION = YES;
				CLANG_WARN_COMMA = YES;
				CLANG_WARN_CONSTANT_CONVERSION = YES;
				CLANG_WARN_DEPRECATED_OBJC_IMPLEMENTATIONS = YES;
				CLANG_WARN_DIRECT_OBJC_ISA_USAGE = YES_ERROR;
				CLANG_WARN_DOCUMENTATION_COMMENTS = YES;
				CLANG_WARN_EMPTY_BODY = YES;
				CLANG_WARN_ENUM_CONVERSION = YES;
				CLANG_WARN_INFINITE_RECURSION = YES;
				CLANG_WARN_INT_CONVERSION = YES;
				CLANG_WARN_NON_LITERAL_NULL_CONVERSION = YES;
				CLANG_WARN_OBJC_IMPLICIT_RETAIN_SELF = YES;
				CLANG_WARN_OBJC_LITERAL_CONVERSION = YES;
				CLANG_WARN_OBJC_ROOT_CLASS = YES_ERROR;
				CLANG_WARN_RANGE_LOOP_ANALYSIS = YES;
				CLANG_WARN_STRICT_PROTOTYPES = YES;
				CLANG_WARN_SUSPICIOUS_MOVE = YES;
				CLANG_WARN_UNGUARDED_AVAILABILITY = YES_AGGRESSIVE;
				CLANG_WARN_UNREACHABLE_CODE = YES;
				CLANG_WARN__DUPLICATE_METHOD_MATCH = YES;
				COPY_PHASE_STRIP = NO;
				DEBUG_INFORMATION_FORMAT = "dwarf-with-dsym";
				ENABLE_NS_ASSERTIONS = NO;
				ENABLE_STRICT_OBJC_MSGSEND = YES;
				GCC_C_LANGUAGE_STANDARD = gnu11;
				GCC_NO_COMMON_BLOCKS = YES;
				GCC_WARN_64_TO_32_BIT_CONVERSION = YES;
				GCC_WARN_ABOUT_RETURN_TYPE = YES_ERROR;
				GCC_WARN_UNDECLARED_SELECTOR = YES;
				GCC_WARN_UNINITIALIZED_AUTOS = YES_AGGRESSIVE;
				GCC_WARN_UNUSED_FUNCTION = YES;
				GCC_WARN_UNUSED_VARIABLE = YES;
				IPHONEOS_DEPLOYMENT_TARGET = 13.2;
				MTL_ENABLE_DEBUG_INFO = NO;
				MTL_FAST_MATH = YES;
				SDKROOT = iphoneos;
				SWIFT_COMPILATION_MODE = wholemodule;
				SWIFT_OPTIMIZATION_LEVEL = "-O";
				VALIDATE_PRODUCT = YES;
			};
			name = Release;
		};
		9581682123E518DE000BC74B /* Debug */ = {
			isa = XCBuildConfiguration;
			buildSettings = {
				ASSETCATALOG_COMPILER_APPICON_NAME = AppIcon;
				CODE_SIGN_STYLE = Automatic;
				DEVELOPMENT_TEAM = JU72V5H8A4;
				INFOPLIST_FILE = Flix/Info.plist;
				LD_RUNPATH_SEARCH_PATHS = (
					"$(inherited)",
					"@executable_path/Frameworks",
				);
				PRODUCT_BUNDLE_IDENTIFIER = com.stephenbaity.Flix;
				PRODUCT_NAME = "$(TARGET_NAME)";
				SWIFT_VERSION = 5.0;
				TARGETED_DEVICE_FAMILY = "1,2";
			};
			name = Debug;
		};
		9581682223E518DE000BC74B /* Release */ = {
			isa = XCBuildConfiguration;
			buildSettings = {
				ASSETCATALOG_COMPILER_APPICON_NAME = AppIcon;
				CODE_SIGN_STYLE = Automatic;
				DEVELOPMENT_TEAM = JU72V5H8A4;
				INFOPLIST_FILE = Flix/Info.plist;
				LD_RUNPATH_SEARCH_PATHS = (
					"$(inherited)",
					"@executable_path/Frameworks",
				);
				PRODUCT_BUNDLE_IDENTIFIER = com.stephenbaity.Flix;
				PRODUCT_NAME = "$(TARGET_NAME)";
				SWIFT_VERSION = 5.0;
				TARGETED_DEVICE_FAMILY = "1,2";
			};
			name = Release;
		};
		9581682423E518DE000BC74B /* Debug */ = {
			isa = XCBuildConfiguration;
			buildSettings = {
				ALWAYS_EMBED_SWIFT_STANDARD_LIBRARIES = YES;
				BUNDLE_LOADER = "$(TEST_HOST)";
				CODE_SIGN_STYLE = Automatic;
				DEVELOPMENT_TEAM = JU72V5H8A4;
				INFOPLIST_FILE = FlixTests/Info.plist;
				IPHONEOS_DEPLOYMENT_TARGET = 13.2;
				LD_RUNPATH_SEARCH_PATHS = (
					"$(inherited)",
					"@executable_path/Frameworks",
					"@loader_path/Frameworks",
				);
				PRODUCT_BUNDLE_IDENTIFIER = com.stephenbaity.FlixTests;
				PRODUCT_NAME = "$(TARGET_NAME)";
				SWIFT_VERSION = 5.0;
				TARGETED_DEVICE_FAMILY = "1,2";
				TEST_HOST = "$(BUILT_PRODUCTS_DIR)/Flix.app/Flix";
			};
			name = Debug;
		};
		9581682523E518DE000BC74B /* Release */ = {
			isa = XCBuildConfiguration;
			buildSettings = {
				ALWAYS_EMBED_SWIFT_STANDARD_LIBRARIES = YES;
				BUNDLE_LOADER = "$(TEST_HOST)";
				CODE_SIGN_STYLE = Automatic;
				DEVELOPMENT_TEAM = JU72V5H8A4;
				INFOPLIST_FILE = FlixTests/Info.plist;
				IPHONEOS_DEPLOYMENT_TARGET = 13.2;
				LD_RUNPATH_SEARCH_PATHS = (
					"$(inherited)",
					"@executable_path/Frameworks",
					"@loader_path/Frameworks",
				);
				PRODUCT_BUNDLE_IDENTIFIER = com.stephenbaity.FlixTests;
				PRODUCT_NAME = "$(TARGET_NAME)";
				SWIFT_VERSION = 5.0;
				TARGETED_DEVICE_FAMILY = "1,2";
				TEST_HOST = "$(BUILT_PRODUCTS_DIR)/Flix.app/Flix";
			};
			name = Release;
		};
		9581682723E518DE000BC74B /* Debug */ = {
			isa = XCBuildConfiguration;
			buildSettings = {
				ALWAYS_EMBED_SWIFT_STANDARD_LIBRARIES = YES;
				CODE_SIGN_STYLE = Automatic;
				DEVELOPMENT_TEAM = JU72V5H8A4;
				INFOPLIST_FILE = FlixUITests/Info.plist;
				LD_RUNPATH_SEARCH_PATHS = (
					"$(inherited)",
					"@executable_path/Frameworks",
					"@loader_path/Frameworks",
				);
				PRODUCT_BUNDLE_IDENTIFIER = com.stephenbaity.FlixUITests;
				PRODUCT_NAME = "$(TARGET_NAME)";
				SWIFT_VERSION = 5.0;
				TARGETED_DEVICE_FAMILY = "1,2";
				TEST_TARGET_NAME = Flix;
			};
			name = Debug;
		};
		9581682823E518DE000BC74B /* Release */ = {
			isa = XCBuildConfiguration;
			buildSettings = {
				ALWAYS_EMBED_SWIFT_STANDARD_LIBRARIES = YES;
				CODE_SIGN_STYLE = Automatic;
				DEVELOPMENT_TEAM = JU72V5H8A4;
				INFOPLIST_FILE = FlixUITests/Info.plist;
				LD_RUNPATH_SEARCH_PATHS = (
					"$(inherited)",
					"@executable_path/Frameworks",
					"@loader_path/Frameworks",
				);
				PRODUCT_BUNDLE_IDENTIFIER = com.stephenbaity.FlixUITests;
				PRODUCT_NAME = "$(TARGET_NAME)";
				SWIFT_VERSION = 5.0;
				TARGETED_DEVICE_FAMILY = "1,2";
				TEST_TARGET_NAME = Flix;
			};
			name = Release;
		};
/* End XCBuildConfiguration section */

/* Begin XCConfigurationList section */
		958167F123E518DB000BC74B /* Build configuration list for PBXProject "Flix" */ = {
			isa = XCConfigurationList;
			buildConfigurations = (
				9581681E23E518DE000BC74B /* Debug */,
				9581681F23E518DE000BC74B /* Release */,
			);
			defaultConfigurationIsVisible = 0;
			defaultConfigurationName = Release;
		};
		9581682023E518DE000BC74B /* Build configuration list for PBXNativeTarget "Flix" */ = {
			isa = XCConfigurationList;
			buildConfigurations = (
				9581682123E518DE000BC74B /* Debug */,
				9581682223E518DE000BC74B /* Release */,
			);
			defaultConfigurationIsVisible = 0;
			defaultConfigurationName = Release;
		};
		9581682323E518DE000BC74B /* Build configuration list for PBXNativeTarget "FlixTests" */ = {
			isa = XCConfigurationList;
			buildConfigurations = (
				9581682423E518DE000BC74B /* Debug */,
				9581682523E518DE000BC74B /* Release */,
			);
			defaultConfigurationIsVisible = 0;
			defaultConfigurationName = Release;
		};
		9581682623E518DE000BC74B /* Build configuration list for PBXNativeTarget "FlixUITests" */ = {
			isa = XCConfigurationList;
			buildConfigurations = (
				9581682723E518DE000BC74B /* Debug */,
				9581682823E518DE000BC74B /* Release */,
			);
			defaultConfigurationIsVisible = 0;
			defaultConfigurationName = Release;
		};
/* End XCConfigurationList section */
	};
	rootObject = 958167EE23E518DB000BC74B /* Project object */;
}
